{
  "version": 4,
  "terraform_version": "1.11.4",
  "serial": 11,
  "lineage": "d243e9f7-ddf8-9dad-5b09-194330988594",
  "outputs": {},
  "resources": [
    {
      "module": "module.public_subnet.module.vpc",
      "mode": "managed",
      "type": "aws_vpc",
      "name": "terra_vpc",
      "provider": "module.public_subnet.module.vpc.provider[\"registry.terraform.io/hashicorp/aws\"]",
      "instances": [
        {
          "schema_version": 1,
          "attributes": {
            "arn": "arn:aws:ec2:ap-south-1:116274284166:vpc/vpc-0f0d6aa7bed46ff37",
            "assign_generated_ipv6_cidr_block": false,
            "cidr_block": "12.0.0.0/24",
            "default_network_acl_id": "acl-026bacd5a4d96ec45",
            "default_route_table_id": "rtb-03429c2c326f3a051",
            "default_security_group_id": "sg-0ffa511ad9dcffde2",
            "dhcp_options_id": "dopt-0837d68574f2a44bd",
            "enable_dns_hostnames": false,
            "enable_dns_support": true,
            "enable_network_address_usage_metrics": false,
            "id": "vpc-0f0d6aa7bed46ff37",
            "instance_tenancy": "default",
            "ipv4_ipam_pool_id": null,
            "ipv4_netmask_length": null,
            "ipv6_association_id": "",
            "ipv6_cidr_block": "",
            "ipv6_cidr_block_network_border_group": "",
            "ipv6_ipam_pool_id": "",
            "ipv6_netmask_length": 0,
            "main_route_table_id": "rtb-03429c2c326f3a051",
            "owner_id": "116274284166",
            "tags": {
              "Name": "Terra-VPC",
              "Project": "Terraform Devops"
            },
            "tags_all": {
              "Name": "Terra-VPC",
              "Project": "Terraform Devops"
            }
          },
          "sensitive_attributes": [],
          "private": "eyJzY2hlbWFfdmVyc2lvbiI6IjEifQ=="
        }
      ]
    },
    {
      "module": "module.vpc",
      "mode": "managed",
      "type": "aws_vpc",
      "name": "terra_vpc",
      "provider": "module.vpc.provider[\"registry.terraform.io/hashicorp/aws\"]",
      "instances": [
        {
          "schema_version": 1,
          "attributes": {
            "arn": "arn:aws:ec2:ap-south-1:116274284166:vpc/vpc-0446021fd8fe1869a",
            "assign_generated_ipv6_cidr_block": false,
            "cidr_block": "12.0.0.0/24",
            "default_network_acl_id": "acl-052cba42b87da9af8",
            "default_route_table_id": "rtb-009132751bfe95fd1",
            "default_security_group_id": "sg-0d43de95bc97948b8",
            "dhcp_options_id": "dopt-0837d68574f2a44bd",
            "enable_dns_hostnames": false,
            "enable_dns_support": true,
            "enable_network_address_usage_metrics": false,
            "id": "vpc-0446021fd8fe1869a",
            "instance_tenancy": "default",
            "ipv4_ipam_pool_id": null,
            "ipv4_netmask_length": null,
            "ipv6_association_id": "",
            "ipv6_cidr_block": "",
            "ipv6_cidr_block_network_border_group": "",
            "ipv6_ipam_pool_id": "",
            "ipv6_netmask_length": 0,
            "main_route_table_id": "rtb-009132751bfe95fd1",
            "owner_id": "116274284166",
            "tags": {
              "Name": "Terra-VPC",
              "Project": "Terraform Devops"
            },
            "tags_all": {
              "Name": "Terra-VPC",
              "Project": "Terraform Devops"
            }
          },
          "sensitive_attributes": [],
          "private": "eyJzY2hlbWFfdmVyc2lvbiI6IjEifQ=="
        }
      ]
    }
  ],
  "check_results": null
}
